<?xml version="1.0" encoding="utf-8"?>
<Project ToolsVersion="4.0" xmlns="http://schemas.microsoft.com/developer/msbuild/2003">
  <ItemGroup>
    <Filter Include="Source Files">
      <UniqueIdentifier>{4FC737F1-C7A5-4376-A066-2A32D752A2FF}</UniqueIdentifier>
      <Extensions>cpp;c;cc;cxx;def;odl;idl;hpj;bat;asm;asmx</Extensions>
    </Filter>
    <Filter Include="Header Files">
      <UniqueIdentifier>{93995380-89BD-4b04-88EB-625FBE52EBFB}</UniqueIdentifier>
      <Extensions>h;hh;hpp;hxx;hm;inl;inc;ipp;xsd</Extensions>
    </Filter>
    <Filter Include="Resource Files">
      <UniqueIdentifier>{67DA6AB6-F800-4c08-8B7A-83BB121AAD01}</UniqueIdentifier>
      <Extensions>rc;ico;cur;bmp;dlg;rc2;rct;bin;rgs;gif;jpg;jpeg;jpe;resx;tiff;tif;png;wav;mfcribbon-ms</Extensions>
    </Filter>
    <Filter Include="Header Files\Tools">
      <UniqueIdentifier>{01dc233d-d24c-4e77-b053-68e648386965}</UniqueIdentifier>
    </Filter>
    <Filter Include="Header Files\Tools\Edit">
      <UniqueIdentifier>{6d383b3c-8063-4f87-99e4-a3d2035aa94b}</UniqueIdentifier>
    </Filter>
    <Filter Include="Header Files\Export">
      <UniqueIdentifier>{0bac0b02-c701-466d-98e4-e1070ad1cdeb}</UniqueIdentifier>
    </Filter>
    <Filter Include="Source Files\Export">
      <UniqueIdentifier>{aaecb9bc-1e42-4e06-8099-7c94d3a9e8e8}</UniqueIdentifier>
    </Filter>
    <Filter Include="Source Files\Tools">
      <UniqueIdentifier>{2d663bf5-4e32-49b5-9757-403faf42b8b2}</UniqueIdentifier>
    </Filter>
    <Filter Include="Source Files\Tools\Edit">
      <UniqueIdentifier>{5b226a89-f04f-4e87-94d2-4c54b0b2ef9e}</UniqueIdentifier>
    </Filter>
  </ItemGroup>
  <ItemGroup>
    <ClInclude Include="stdafx.h">
      <Filter>Header Files</Filter>
    </ClInclude>
    <ClInclude Include="targetver.h">
      <Filter>Header Files</Filter>
    </ClInclude>
    <ClInclude Include="Application.h">
      <Filter>Header Files</Filter>
    </ClInclude>
    <ClInclude Include="tool_base.h">
      <Filter>Header Files\Tools</Filter>
    </ClInclude>
    <ClInclude Include="tool_split.h">
      <Filter>Header Files\Tools</Filter>
    </ClInclude>
    <ClInclude Include="tool_edit.h">
      <Filter>Header Files\Tools</Filter>
    </ClInclude>
    <ClInclude Include="edit_control_y_param.h">
      <Filter>Header Files\Tools\Edit</Filter>
    </ClInclude>
    <ClInclude Include="curve_editor.h">
      <Filter>Header Files\Tools\Edit</Filter>
    </ClInclude>
    <ClInclude Include="edit_control.h">
      <Filter>Header Files\Tools\Edit</Filter>
    </ClInclude>
    <ClInclude Include="edit_control_separator.h">
      <Filter>Header Files\Tools\Edit</Filter>
    </ClInclude>
    <ClInclude Include="tool_param_count.h">
      <Filter>Header Files\Tools</Filter>
    </ClInclude>
    <ClInclude Include="rendering_device.h">
      <Filter>Header Files</Filter>
    </ClInclude>
    <ClInclude Include="renderer.h">
      <Filter>Header Files</Filter>
    </ClInclude>
    <ClInclude Include="theme.h">
      <Filter>Header Files</Filter>
    </ClInclude>
    <ClInclude Include="code_generator.h">
      <Filter>Header Files\Export</Filter>
    </ClInclude>
  </ItemGroup>
  <ItemGroup>
    <ClCompile Include="stdafx.cpp">
      <Filter>Source Files</Filter>
    </ClCompile>
    <ClCompile Include="Application.cpp">
      <Filter>Source Files</Filter>
    </ClCompile>
    <ClCompile Include="main.cpp">
      <Filter>Source Files</Filter>
    </ClCompile>
    <ClCompile Include="tool_split.cpp">
      <Filter>Source Files\Tools</Filter>
    </ClCompile>
    <ClCompile Include="tool_base.cpp">
      <Filter>Source Files\Tools</Filter>
    </ClCompile>
    <ClCompile Include="tool_edit.cpp">
      <Filter>Source Files\Tools</Filter>
    </ClCompile>
    <ClCompile Include="edit_control_separator.cpp">
      <Filter>Source Files\Tools\Edit</Filter>
    </ClCompile>
    <ClCompile Include="edit_control_y_param.cpp">
      <Filter>Source Files\Tools\Edit</Filter>
    </ClCompile>
    <ClCompile Include="edit_control.cpp">
      <Filter>Source Files\Tools\Edit</Filter>
    </ClCompile>
    <ClCompile Include="curve_editor.cpp">
      <Filter>Source Files\Tools\Edit</Filter>
    </ClCompile>
    <ClCompile Include="tool_param_count.cpp">
      <Filter>Source Files\Tools</Filter>
    </ClCompile>
    <ClCompile Include="rendering_device.cpp">
      <Filter>Source Files</Filter>
    </ClCompile>
    <ClCompile Include="renderer.cpp">
      <Filter>Source Files</Filter>
    </ClCompile>
    <ClCompile Include="theme.cpp">
      <Filter>Source Files</Filter>
    </ClCompile>
    <ClCompile Include="code_generator.cpp">
      <Filter>Source Files\Export</Filter>
    </ClCompile>
  </ItemGroup>
</Project>