
Microsoft Visual Studio Solution File, Format Version 12.00
# Visual Studio Version 16
VisualStudioVersion = 16.0.29009.5
MinimumVisualStudioVersion = 10.0.40219.1
Project("{8BC9CEB8-8B4A-11D0-8D11-00A0C91BC942}") = "test-curve-lib", "test-unit\unit-test.vcxproj", "{56C93A9D-71F6-4173-8940-46CD03DA61E7}"
EndProject
Project("{8BC9CEB8-8B4A-11D0-8D11-00A0C91BC942}") = "test-editor-lib", "test-app\app-test.vcxproj", "{068EDB6A-7E44-4786-8B73-A13F1103E938}"
EndProject
Project("{8BC9CEB8-8B4A-11D0-8D11-00A0C91BC942}") = "editor-lib", "editor-lib\editor-lib.vcxproj", "{015DE21E-3644-452C-A8D6-278F770645F6}"
EndProject
Project("{2150E333-8FDC-42A3-9474-1A3956D46DE8}") = "Solution Items", "Solution Items", "{D9D67DB1-7394-4BE8-8F39-B5638AD8EC90}"
	ProjectSection(SolutionItems) = preProject
		.gitignore = .gitignore
		README.md = README.md
	EndProjectSection
EndProject
Project("{2150E333-8FDC-42A3-9474-1A3956D46DE8}") = "workflows", "workflows", "{DAB9D371-6CCD-41DA-BDFE-C2ECC698FFD4}"
	ProjectSection(SolutionItems) = preProject
		.github\workflows\main.yml = .github\workflows\main.yml
	EndProjectSection
EndProject
Project("{8BC9CEB8-8B4A-11D0-8D11-00A0C91BC942}") = "curve-editor", "curve-editor\curve-editor.vcxproj", "{932C030D-373A-4DAC-9443-D95B2549AFF5}"
EndProject
Project("{8BC9CEB8-8B4A-11D0-8D11-00A0C91BC942}") = "curve-lib", "curve-lib\curve-lib.vcxproj", "{E645429E-0B78-4684-941F-B2121333E84D}"
EndProject
Project("{8BC9CEB8-8B4A-11D0-8D11-00A0C91BC942}") = "render-lib", "render-lib\render-lib.vcxproj", "{37762878-29D8-4399-9CEF-442638444E62}"
EndProject
Project("{2150E333-8FDC-42A3-9474-1A3956D46DE8}") = "Tests", "Tests", "{3E1DA8AA-ADA5-4FB9-B255-4C75634F12D2}"
EndProject
Project("{8BC9CEB8-8B4A-11D0-8D11-00A0C91BC942}") = "editor-ui-lib", "editor-ui-lib\editor-ui-lib.vcxproj", "{4F3E663C-1C5F-4FDE-92FF-C206A9CFFD16}"
EndProject
Project("{8BC9CEB8-8B4A-11D0-8D11-00A0C91BC942}") = "test-editor-ui-lib", "test-editor-ui-lib\test-editor-ui-lib.vcxproj", "{13B10F71-802A-472F-B8DE-B466F3CF1BC9}"
EndProject
Project("{8BC9CEB8-8B4A-11D0-8D11-00A0C91BC942}") = "test-render-lib", "test-render-lib\test-render-lib.vcxproj", "{BE99129E-5594-4A76-98C2-96EBE843FC9C}"
EndProject
Global
	GlobalSection(SolutionConfigurationPlatforms) = preSolution
		Debug|x64 = Debug|x64
		Debug|x86 = Debug|x86
		MT|x64 = MT|x64
		MT|x86 = MT|x86
		MTd|x64 = MTd|x64
		MTd|x86 = MTd|x86
		Release|x64 = Release|x64
		Release|x86 = Release|x86
	EndGlobalSection
	GlobalSection(ProjectConfigurationPlatforms) = postSolution
		{56C93A9D-71F6-4173-8940-46CD03DA61E7}.Debug|x64.ActiveCfg = Debug|x64
		{56C93A9D-71F6-4173-8940-46CD03DA61E7}.Debug|x64.Build.0 = Debug|x64
		{56C93A9D-71F6-4173-8940-46CD03DA61E7}.Debug|x86.ActiveCfg = Debug|Win32
		{56C93A9D-71F6-4173-8940-46CD03DA61E7}.Debug|x86.Build.0 = Debug|Win32
		{56C93A9D-71F6-4173-8940-46CD03DA61E7}.MT|x64.ActiveCfg = MT|x64
		{56C93A9D-71F6-4173-8940-46CD03DA61E7}.MT|x64.Build.0 = MT|x64
		{56C93A9D-71F6-4173-8940-46CD03DA61E7}.MT|x86.ActiveCfg = MT|Win32
		{56C93A9D-71F6-4173-8940-46CD03DA61E7}.MT|x86.Build.0 = MT|Win32
		{56C93A9D-71F6-4173-8940-46CD03DA61E7}.MTd|x64.ActiveCfg = MTd|x64
		{56C93A9D-71F6-4173-8940-46CD03DA61E7}.MTd|x64.Build.0 = MTd|x64
		{56C93A9D-71F6-4173-8940-46CD03DA61E7}.MTd|x86.ActiveCfg = MTd|Win32
		{56C93A9D-71F6-4173-8940-46CD03DA61E7}.MTd|x86.Build.0 = MTd|Win32
		{56C93A9D-71F6-4173-8940-46CD03DA61E7}.Release|x64.ActiveCfg = Release|x64
		{56C93A9D-71F6-4173-8940-46CD03DA61E7}.Release|x64.Build.0 = Release|x64
		{56C93A9D-71F6-4173-8940-46CD03DA61E7}.Release|x86.ActiveCfg = Release|Win32
		{56C93A9D-71F6-4173-8940-46CD03DA61E7}.Release|x86.Build.0 = Release|Win32
		{068EDB6A-7E44-4786-8B73-A13F1103E938}.Debug|x64.ActiveCfg = Debug|x64
		{068EDB6A-7E44-4786-8B73-A13F1103E938}.Debug|x64.Build.0 = Debug|x64
		{068EDB6A-7E44-4786-8B73-A13F1103E938}.Debug|x86.ActiveCfg = Debug|Win32
		{068EDB6A-7E44-4786-8B73-A13F1103E938}.Debug|x86.Build.0 = Debug|Win32
		{068EDB6A-7E44-4786-8B73-A13F1103E938}.MT|x64.ActiveCfg = MT|x64
		{068EDB6A-7E44-4786-8B73-A13F1103E938}.MT|x64.Build.0 = MT|x64
		{068EDB6A-7E44-4786-8B73-A13F1103E938}.MT|x86.ActiveCfg = MT|Win32
		{068EDB6A-7E44-4786-8B73-A13F1103E938}.MT|x86.Build.0 = MT|Win32
		{068EDB6A-7E44-4786-8B73-A13F1103E938}.MTd|x64.ActiveCfg = MTd|x64
		{068EDB6A-7E44-4786-8B73-A13F1103E938}.MTd|x64.Build.0 = MTd|x64
		{068EDB6A-7E44-4786-8B73-A13F1103E938}.MTd|x86.ActiveCfg = MTd|Win32
		{068EDB6A-7E44-4786-8B73-A13F1103E938}.MTd|x86.Build.0 = MTd|Win32
		{068EDB6A-7E44-4786-8B73-A13F1103E938}.Release|x64.ActiveCfg = Release|x64
		{068EDB6A-7E44-4786-8B73-A13F1103E938}.Release|x64.Build.0 = Release|x64
		{068EDB6A-7E44-4786-8B73-A13F1103E938}.Release|x86.ActiveCfg = Release|Win32
		{068EDB6A-7E44-4786-8B73-A13F1103E938}.Release|x86.Build.0 = Release|Win32
		{015DE21E-3644-452C-A8D6-278F770645F6}.Debug|x64.ActiveCfg = Debug|x64
		{015DE21E-3644-452C-A8D6-278F770645F6}.Debug|x64.Build.0 = Debug|x64
		{015DE21E-3644-452C-A8D6-278F770645F6}.Debug|x86.ActiveCfg = Debug|Win32
		{015DE21E-3644-452C-A8D6-278F770645F6}.Debug|x86.Build.0 = Debug|Win32
		{015DE21E-3644-452C-A8D6-278F770645F6}.MT|x64.ActiveCfg = MT|x64
		{015DE21E-3644-452C-A8D6-278F770645F6}.MT|x64.Build.0 = MT|x64
		{015DE21E-3644-452C-A8D6-278F770645F6}.MT|x86.ActiveCfg = MT|Win32
		{015DE21E-3644-452C-A8D6-278F770645F6}.MT|x86.Build.0 = MT|Win32
		{015DE21E-3644-452C-A8D6-278F770645F6}.MTd|x64.ActiveCfg = MTd|x64
		{015DE21E-3644-452C-A8D6-278F770645F6}.MTd|x64.Build.0 = MTd|x64
		{015DE21E-3644-452C-A8D6-278F770645F6}.MTd|x86.ActiveCfg = MTd|Win32
		{015DE21E-3644-452C-A8D6-278F770645F6}.MTd|x86.Build.0 = MTd|Win32
		{015DE21E-3644-452C-A8D6-278F770645F6}.Release|x64.ActiveCfg = Release|x64
		{015DE21E-3644-452C-A8D6-278F770645F6}.Release|x64.Build.0 = Release|x64
		{015DE21E-3644-452C-A8D6-278F770645F6}.Release|x86.ActiveCfg = Release|Win32
		{015DE21E-3644-452C-A8D6-278F770645F6}.Release|x86.Build.0 = Release|Win32
		{932C030D-373A-4DAC-9443-D95B2549AFF5}.Debug|x64.ActiveCfg = Debug|x64
		{932C030D-373A-4DAC-9443-D95B2549AFF5}.Debug|x64.Build.0 = Debug|x64
		{932C030D-373A-4DAC-9443-D95B2549AFF5}.Debug|x86.ActiveCfg = Debug|Win32
		{932C030D-373A-4DAC-9443-D95B2549AFF5}.Debug|x86.Build.0 = Debug|Win32
		{932C030D-373A-4DAC-9443-D95B2549AFF5}.MT|x64.ActiveCfg = MT|x64
		{932C030D-373A-4DAC-9443-D95B2549AFF5}.MT|x64.Build.0 = MT|x64
		{932C030D-373A-4DAC-9443-D95B2549AFF5}.MT|x86.ActiveCfg = MT|Win32
		{932C030D-373A-4DAC-9443-D95B2549AFF5}.MT|x86.Build.0 = MT|Win32
		{932C030D-373A-4DAC-9443-D95B2549AFF5}.MTd|x64.ActiveCfg = MTd|x64
		{932C030D-373A-4DAC-9443-D95B2549AFF5}.MTd|x64.Build.0 = MTd|x64
		{932C030D-373A-4DAC-9443-D95B2549AFF5}.MTd|x86.ActiveCfg = MTd|Win32
		{932C030D-373A-4DAC-9443-D95B2549AFF5}.MTd|x86.Build.0 = MTd|Win32
		{932C030D-373A-4DAC-9443-D95B2549AFF5}.Release|x64.ActiveCfg = Release|x64
		{932C030D-373A-4DAC-9443-D95B2549AFF5}.Release|x64.Build.0 = Release|x64
		{932C030D-373A-4DAC-9443-D95B2549AFF5}.Release|x86.ActiveCfg = Release|Win32
		{932C030D-373A-4DAC-9443-D95B2549AFF5}.Release|x86.Build.0 = Release|Win32
		{E645429E-0B78-4684-941F-B2121333E84D}.Debug|x64.ActiveCfg = Debug|x64
		{E645429E-0B78-4684-941F-B2121333E84D}.Debug|x64.Build.0 = Debug|x64
		{E645429E-0B78-4684-941F-B2121333E84D}.Debug|x86.ActiveCfg = Debug|Win32
		{E645429E-0B78-4684-941F-B2121333E84D}.Debug|x86.Build.0 = Debug|Win32
		{E645429E-0B78-4684-941F-B2121333E84D}.MT|x64.ActiveCfg = MT|x64
		{E645429E-0B78-4684-941F-B2121333E84D}.MT|x64.Build.0 = MT|x64
		{E645429E-0B78-4684-941F-B2121333E84D}.MT|x86.ActiveCfg = MT|Win32
		{E645429E-0B78-4684-941F-B2121333E84D}.MT|x86.Build.0 = MT|Win32
		{E645429E-0B78-4684-941F-B2121333E84D}.MTd|x64.ActiveCfg = MTd|x64
		{E645429E-0B78-4684-941F-B2121333E84D}.MTd|x64.Build.0 = MTd|x64
		{E645429E-0B78-4684-941F-B2121333E84D}.MTd|x86.ActiveCfg = MTd|Win32
		{E645429E-0B78-4684-941F-B2121333E84D}.MTd|x86.Build.0 = MTd|Win32
		{E645429E-0B78-4684-941F-B2121333E84D}.Release|x64.ActiveCfg = Release|x64
		{E645429E-0B78-4684-941F-B2121333E84D}.Release|x64.Build.0 = Release|x64
		{E645429E-0B78-4684-941F-B2121333E84D}.Release|x86.ActiveCfg = Release|Win32
		{E645429E-0B78-4684-941F-B2121333E84D}.Release|x86.Build.0 = Release|Win32
		{37762878-29D8-4399-9CEF-442638444E62}.Debug|x64.ActiveCfg = Debug|x64
		{37762878-29D8-4399-9CEF-442638444E62}.Debug|x64.Build.0 = Debug|x64
		{37762878-29D8-4399-9CEF-442638444E62}.Debug|x86.ActiveCfg = Debug|Win32
		{37762878-29D8-4399-9CEF-442638444E62}.Debug|x86.Build.0 = Debug|Win32
		{37762878-29D8-4399-9CEF-442638444E62}.MT|x64.ActiveCfg = MT|x64
		{37762878-29D8-4399-9CEF-442638444E62}.MT|x64.Build.0 = MT|x64
		{37762878-29D8-4399-9CEF-442638444E62}.MT|x86.ActiveCfg = MT|Win32
		{37762878-29D8-4399-9CEF-442638444E62}.MT|x86.Build.0 = MT|Win32
		{37762878-29D8-4399-9CEF-442638444E62}.MTd|x64.ActiveCfg = MTd|x64
		{37762878-29D8-4399-9CEF-442638444E62}.MTd|x64.Build.0 = MTd|x64
		{37762878-29D8-4399-9CEF-442638444E62}.MTd|x86.ActiveCfg = MTd|Win32
		{37762878-29D8-4399-9CEF-442638444E62}.MTd|x86.Build.0 = MTd|Win32
		{37762878-29D8-4399-9CEF-442638444E62}.Release|x64.ActiveCfg = Release|x64
		{37762878-29D8-4399-9CEF-442638444E62}.Release|x64.Build.0 = Release|x64
		{37762878-29D8-4399-9CEF-442638444E62}.Release|x86.ActiveCfg = Release|Win32
		{37762878-29D8-4399-9CEF-442638444E62}.Release|x86.Build.0 = Release|Win32
		{4F3E663C-1C5F-4FDE-92FF-C206A9CFFD16}.Debug|x64.ActiveCfg = Debug|x64
		{4F3E663C-1C5F-4FDE-92FF-C206A9CFFD16}.Debug|x64.Build.0 = Debug|x64
		{4F3E663C-1C5F-4FDE-92FF-C206A9CFFD16}.Debug|x86.ActiveCfg = Debug|Win32
		{4F3E663C-1C5F-4FDE-92FF-C206A9CFFD16}.Debug|x86.Build.0 = Debug|Win32
		{4F3E663C-1C5F-4FDE-92FF-C206A9CFFD16}.MT|x64.ActiveCfg = MT|x64
		{4F3E663C-1C5F-4FDE-92FF-C206A9CFFD16}.MT|x64.Build.0 = MT|x64
		{4F3E663C-1C5F-4FDE-92FF-C206A9CFFD16}.MT|x86.ActiveCfg = MT|Win32
		{4F3E663C-1C5F-4FDE-92FF-C206A9CFFD16}.MT|x86.Build.0 = MT|Win32
		{4F3E663C-1C5F-4FDE-92FF-C206A9CFFD16}.MTd|x64.ActiveCfg = MTd|x64
		{4F3E663C-1C5F-4FDE-92FF-C206A9CFFD16}.MTd|x64.Build.0 = MTd|x64
		{4F3E663C-1C5F-4FDE-92FF-C206A9CFFD16}.MTd|x86.ActiveCfg = MTd|Win32
		{4F3E663C-1C5F-4FDE-92FF-C206A9CFFD16}.MTd|x86.Build.0 = MTd|Win32
		{4F3E663C-1C5F-4FDE-92FF-C206A9CFFD16}.Release|x64.ActiveCfg = Release|x64
		{4F3E663C-1C5F-4FDE-92FF-C206A9CFFD16}.Release|x64.Build.0 = Release|x64
		{4F3E663C-1C5F-4FDE-92FF-C206A9CFFD16}.Release|x86.ActiveCfg = Release|Win32
		{4F3E663C-1C5F-4FDE-92FF-C206A9CFFD16}.Release|x86.Build.0 = Release|Win32
		{13B10F71-802A-472F-B8DE-B466F3CF1BC9}.Debug|x64.ActiveCfg = Debug|x64
		{13B10F71-802A-472F-B8DE-B466F3CF1BC9}.Debug|x64.Build.0 = Debug|x64
		{13B10F71-802A-472F-B8DE-B466F3CF1BC9}.Debug|x86.ActiveCfg = Debug|Win32
		{13B10F71-802A-472F-B8DE-B466F3CF1BC9}.Debug|x86.Build.0 = Debug|Win32
		{13B10F71-802A-472F-B8DE-B466F3CF1BC9}.MT|x64.ActiveCfg = MT|x64
		{13B10F71-802A-472F-B8DE-B466F3CF1BC9}.MT|x64.Build.0 = MT|x64
		{13B10F71-802A-472F-B8DE-B466F3CF1BC9}.MT|x86.ActiveCfg = MT|Win32
		{13B10F71-802A-472F-B8DE-B466F3CF1BC9}.MT|x86.Build.0 = MT|Win32
		{13B10F71-802A-472F-B8DE-B466F3CF1BC9}.MTd|x64.ActiveCfg = MTd|x64
		{13B10F71-802A-472F-B8DE-B466F3CF1BC9}.MTd|x64.Build.0 = MTd|x64
		{13B10F71-802A-472F-B8DE-B466F3CF1BC9}.MTd|x86.ActiveCfg = MTd|Win32
		{13B10F71-802A-472F-B8DE-B466F3CF1BC9}.MTd|x86.Build.0 = MTd|Win32
		{13B10F71-802A-472F-B8DE-B466F3CF1BC9}.Release|x64.ActiveCfg = Release|x64
		{13B10F71-802A-472F-B8DE-B466F3CF1BC9}.Release|x64.Build.0 = Release|x64
		{13B10F71-802A-472F-B8DE-B466F3CF1BC9}.Release|x86.ActiveCfg = Release|Win32
		{13B10F71-802A-472F-B8DE-B466F3CF1BC9}.Release|x86.Build.0 = Release|Win32
		{BE99129E-5594-4A76-98C2-96EBE843FC9C}.Debug|x64.ActiveCfg = Debug|x64
		{BE99129E-5594-4A76-98C2-96EBE843FC9C}.Debug|x64.Build.0 = Debug|x64
		{BE99129E-5594-4A76-98C2-96EBE843FC9C}.Debug|x86.ActiveCfg = Debug|Win32
		{BE99129E-5594-4A76-98C2-96EBE843FC9C}.Debug|x86.Build.0 = Debug|Win32
		{BE99129E-5594-4A76-98C2-96EBE843FC9C}.MT|x64.ActiveCfg = MT|x64
		{BE99129E-5594-4A76-98C2-96EBE843FC9C}.MT|x64.Build.0 = MT|x64
		{BE99129E-5594-4A76-98C2-96EBE843FC9C}.MT|x86.ActiveCfg = MT|Win32
		{BE99129E-5594-4A76-98C2-96EBE843FC9C}.MT|x86.Build.0 = MT|Win32
		{BE99129E-5594-4A76-98C2-96EBE843FC9C}.MTd|x64.ActiveCfg = MTd|x64
		{BE99129E-5594-4A76-98C2-96EBE843FC9C}.MTd|x64.Build.0 = MTd|x64
		{BE99129E-5594-4A76-98C2-96EBE843FC9C}.MTd|x86.ActiveCfg = MTd|Win32
		{BE99129E-5594-4A76-98C2-96EBE843FC9C}.MTd|x86.Build.0 = MTd|Win32
		{BE99129E-5594-4A76-98C2-96EBE843FC9C}.Release|x64.ActiveCfg = Release|x64
		{BE99129E-5594-4A76-98C2-96EBE843FC9C}.Release|x64.Build.0 = Release|x64
		{BE99129E-5594-4A76-98C2-96EBE843FC9C}.Release|x86.ActiveCfg = Release|Win32
		{BE99129E-5594-4A76-98C2-96EBE843FC9C}.Release|x86.Build.0 = Release|Win32
	EndGlobalSection
	GlobalSection(SolutionProperties) = preSolution
		HideSolutionNode = FALSE
	EndGlobalSection
	GlobalSection(NestedProjects) = preSolution
		{56C93A9D-71F6-4173-8940-46CD03DA61E7} = {3E1DA8AA-ADA5-4FB9-B255-4C75634F12D2}
		{068EDB6A-7E44-4786-8B73-A13F1103E938} = {3E1DA8AA-ADA5-4FB9-B255-4C75634F12D2}
		{DAB9D371-6CCD-41DA-BDFE-C2ECC698FFD4} = {D9D67DB1-7394-4BE8-8F39-B5638AD8EC90}
		{13B10F71-802A-472F-B8DE-B466F3CF1BC9} = {3E1DA8AA-ADA5-4FB9-B255-4C75634F12D2}
		{BE99129E-5594-4A76-98C2-96EBE843FC9C} = {3E1DA8AA-ADA5-4FB9-B255-4C75634F12D2}
	EndGlobalSection
	GlobalSection(ExtensibilityGlobals) = postSolution
		SolutionGuid = {29BCFD17-CD4A-40BC-B739-038238A275D3}
	EndGlobalSection
EndGlobal
